
Microsoft Visual Studio Solution File, Format Version 12.00
# Visual Studio 15
VisualStudioVersion = 15.0.27703.2035
MinimumVisualStudioVersion = 10.0.40219.1
Project("{8BC9CEB8-8B4A-11D0-8D11-00A0C91BC942}") = "Exp50_Gen10000_0.0004_US", "Exp50_Gen10000_0.0004_US\Exp50_Gen10000_0.0004_US.vcxproj", "{DD448101-C1DD-468C-BAC9-F0AA03ED11B8}"
EndProject
Global
	GlobalSection(SolutionConfigurationPlatforms) = preSolution
		Debug|x64 = Debug|x64
		Debug|x86 = Debug|x86
		Release|x64 = Release|x64
		Release|x86 = Release|x86
	EndGlobalSection
	GlobalSection(ProjectConfigurationPlatforms) = postSolution
		{DD448101-C1DD-468C-BAC9-F0AA03ED11B8}.Debug|x64.ActiveCfg = Debug|x64
		{DD448101-C1DD-468C-BAC9-F0AA03ED11B8}.Debug|x64.Build.0 = Debug|x64
		{DD448101-C1DD-468C-BAC9-F0AA03ED11B8}.Debug|x86.ActiveCfg = Debug|Win32
		{DD448101-C1DD-468C-BAC9-F0AA03ED11B8}.Debug|x86.Build.0 = Debug|Win32
		{DD448101-C1DD-468C-BAC9-F0AA03ED11B8}.Release|x64.ActiveCfg = Release|x64
		{DD448101-C1DD-468C-BAC9-F0AA03ED11B8}.Release|x64.Build.0 = Release|x64
		{DD448101-C1DD-468C-BAC9-F0AA03ED11B8}.Release|x86.ActiveCfg = Release|Win32
		{DD448101-C1DD-468C-BAC9-F0AA03ED11B8}.Release|x86.Build.0 = Release|Win32
	EndGlobalSection
	GlobalSection(SolutionProperties) = preSolution
		HideSolutionNode = FALSE
	EndGlobalSection
	GlobalSection(ExtensibilityGlobals) = postSolution
		SolutionGuid = {24AD9F39-BC7F-4EAC-8B9A-BE63E2B2804E}
	EndGlobalSection
EndGlobal
